// !$*UTF8*$!
{
	archiveVersion = 1;
	classes = {
	};
	objectVersion = 55;
	objects = {

/* Begin PBXBuildFile section */
		3782CB90AA6FDBC20350BCF6 /* Pods_FaceCertificatePinning.framework in Frameworks */ = {isa = PBXBuildFile; fileRef = F0758A1A93024D9C7CA01A6E /* Pods_FaceCertificatePinning.framework */; };
		5D8824D42AD9786D00872CCE /* AppDelegate.swift in Sources */ = {isa = PBXBuildFile; fileRef = 5D8824D32AD9786D00872CCE /* AppDelegate.swift */; };
		5D8824D62AD9786D00872CCE /* SceneDelegate.swift in Sources */ = {isa = PBXBuildFile; fileRef = 5D8824D52AD9786D00872CCE /* SceneDelegate.swift */; };
		5D8824D82AD9786D00872CCE /* ViewController.swift in Sources */ = {isa = PBXBuildFile; fileRef = 5D8824D72AD9786D00872CCE /* ViewController.swift */; };
		5D8824DB2AD9786D00872CCE /* Main.storyboard in Resources */ = {isa = PBXBuildFile; fileRef = 5D8824D92AD9786D00872CCE /* Main.storyboard */; };
		5D8824DD2AD9786F00872CCE /* Assets.xcassets in Resources */ = {isa = PBXBuildFile; fileRef = 5D8824DC2AD9786F00872CCE /* Assets.xcassets */; };
		5D8824E02AD9786F00872CCE /* LaunchScreen.storyboard in Resources */ = {isa = PBXBuildFile; fileRef = 5D8824DE2AD9786F00872CCE /* LaunchScreen.storyboard */; };
/* End PBXBuildFile section */

/* Begin PBXFileReference section */
		37EE2DBFDF6778574FAE7939 /* Pods-FaceCertificatePinning.debug.xcconfig */ = {isa = PBXFileReference; includeInIndex = 1; lastKnownFileType = text.xcconfig; name = "Pods-FaceCertificatePinning.debug.xcconfig"; path = "Target Support Files/Pods-FaceCertificatePinning/Pods-FaceCertificatePinning.debug.xcconfig"; sourceTree = "<group>"; };
		5D8824D02AD9786D00872CCE /* FaceCertificatePinning.app */ = {isa = PBXFileReference; explicitFileType = wrapper.application; includeInIndex = 0; path = FaceCertificatePinning.app; sourceTree = BUILT_PRODUCTS_DIR; };
		5D8824D32AD9786D00872CCE /* AppDelegate.swift */ = {isa = PBXFileReference; lastKnownFileType = sourcecode.swift; path = AppDelegate.swift; sourceTree = "<group>"; };
		5D8824D52AD9786D00872CCE /* SceneDelegate.swift */ = {isa = PBXFileReference; lastKnownFileType = sourcecode.swift; path = SceneDelegate.swift; sourceTree = "<group>"; };
		5D8824D72AD9786D00872CCE /* ViewController.swift */ = {isa = PBXFileReference; lastKnownFileType = sourcecode.swift; path = ViewController.swift; sourceTree = "<group>"; };
		5D8824DA2AD9786D00872CCE /* Base */ = {isa = PBXFileReference; lastKnownFileType = file.storyboard; name = Base; path = Base.lproj/Main.storyboard; sourceTree = "<group>"; };
		5D8824DC2AD9786F00872CCE /* Assets.xcassets */ = {isa = PBXFileReference; lastKnownFileType = folder.assetcatalog; path = Assets.xcassets; sourceTree = "<group>"; };
		5D8824DF2AD9786F00872CCE /* Base */ = {isa = PBXFileReference; lastKnownFileType = file.storyboard; name = Base; path = Base.lproj/LaunchScreen.storyboard; sourceTree = "<group>"; };
		5D8824E12AD9786F00872CCE /* Info.plist */ = {isa = PBXFileReference; lastKnownFileType = text.plist.xml; path = Info.plist; sourceTree = "<group>"; };
		E18772D994B423C0DA66A9DF /* Pods-FaceCertificatePinning.release.xcconfig */ = {isa = PBXFileReference; includeInIndex = 1; lastKnownFileType = text.xcconfig; name = "Pods-FaceCertificatePinning.release.xcconfig"; path = "Target Support Files/Pods-FaceCertificatePinning/Pods-FaceCertificatePinning.release.xcconfig"; sourceTree = "<group>"; };
		F0758A1A93024D9C7CA01A6E /* Pods_FaceCertificatePinning.framework */ = {isa = PBXFileReference; explicitFileType = wrapper.framework; includeInIndex = 0; path = Pods_FaceCertificatePinning.framework; sourceTree = BUILT_PRODUCTS_DIR; };
/* End PBXFileReference section */

/* Begin PBXFrameworksBuildPhase section */
		5D8824CD2AD9786D00872CCE /* Frameworks */ = {
			isa = PBXFrameworksBuildPhase;
			buildActionMask = 2147483647;
			files = (
				3782CB90AA6FDBC20350BCF6 /* Pods_FaceCertificatePinning.framework in Frameworks */,
			);
			runOnlyForDeploymentPostprocessing = 0;
		};
/* End PBXFrameworksBuildPhase section */

/* Begin PBXGroup section */
		5D8824C72AD9786D00872CCE = {
			isa = PBXGroup;
			children = (
				5D8824D22AD9786D00872CCE /* FaceCertificatePinning */,
				5D8824D12AD9786D00872CCE /* Products */,
				F14DAB05B6D75D5474D8EBCB /* Pods */,
				912B3661A063ECDAFB6E3B73 /* Frameworks */,
			);
			sourceTree = "<group>";
		};
		5D8824D12AD9786D00872CCE /* Products */ = {
			isa = PBXGroup;
			children = (
				5D8824D02AD9786D00872CCE /* FaceCertificatePinning.app */,
			);
			name = Products;
			sourceTree = "<group>";
		};
		5D8824D22AD9786D00872CCE /* FaceCertificatePinning */ = {
			isa = PBXGroup;
			children = (
				5D8824D32AD9786D00872CCE /* AppDelegate.swift */,
				5D8824D52AD9786D00872CCE /* SceneDelegate.swift */,
				5D8824D72AD9786D00872CCE /* ViewController.swift */,
				5D8824D92AD9786D00872CCE /* Main.storyboard */,
				5D8824DC2AD9786F00872CCE /* Assets.xcassets */,
				5D8824DE2AD9786F00872CCE /* LaunchScreen.storyboard */,
				5D8824E12AD9786F00872CCE /* Info.plist */,
			);
			path = FaceCertificatePinning;
			sourceTree = "<group>";
		};
		912B3661A063ECDAFB6E3B73 /* Frameworks */ = {
			isa = PBXGroup;
			children = (
				F0758A1A93024D9C7CA01A6E /* Pods_FaceCertificatePinning.framework */,
			);
			name = Frameworks;
			sourceTree = "<group>";
		};
		F14DAB05B6D75D5474D8EBCB /* Pods */ = {
			isa = PBXGroup;
			children = (
				37EE2DBFDF6778574FAE7939 /* Pods-FaceCertificatePinning.debug.xcconfig */,
				E18772D994B423C0DA66A9DF /* Pods-FaceCertificatePinning.release.xcconfig */,
			);
			path = Pods;
			sourceTree = "<group>";
		};
/* End PBXGroup section */

/* Begin PBXNativeTarget section */
		5D8824CF2AD9786D00872CCE /* FaceCertificatePinning */ = {
			isa = PBXNativeTarget;
			buildConfigurationList = 5D8824E42AD9786F00872CCE /* Build configuration list for PBXNativeTarget "FaceCertificatePinning" */;
			buildPhases = (
				58D67383B5F413613E2E1974 /* [CP] Check Pods Manifest.lock */,
				5D8824CC2AD9786D00872CCE /* Sources */,
				5D8824CD2AD9786D00872CCE /* Frameworks */,
				5D8824CE2AD9786D00872CCE /* Resources */,
				CD066AEA129FE22A29D1A958 /* [CP] Embed Pods Frameworks */,
			);
			buildRules = (
			);
			dependencies = (
			);
			name = FaceCertificatePinning;
			productName = FaceSDKCertificatePinning;
			productReference = 5D8824D02AD9786D00872CCE /* FaceCertificatePinning.app */;
			productType = "com.apple.product-type.application";
		};
/* End PBXNativeTarget section */

/* Begin PBXProject section */
		5D8824C82AD9786D00872CCE /* Project object */ = {
			isa = PBXProject;
			attributes = {
				BuildIndependentTargetsInParallel = 1;
				LastSwiftUpdateCheck = 1410;
				LastUpgradeCheck = 1410;
				TargetAttributes = {
					5D8824CF2AD9786D00872CCE = {
						CreatedOnToolsVersion = 14.1;
					};
				};
			};
			buildConfigurationList = 5D8824CB2AD9786D00872CCE /* Build configuration list for PBXProject "FaceCertificatePinning" */;
			compatibilityVersion = "Xcode 13.0";
			developmentRegion = en;
			hasScannedForEncodings = 0;
			knownRegions = (
				en,
				Base,
			);
			mainGroup = 5D8824C72AD9786D00872CCE;
			productRefGroup = 5D8824D12AD9786D00872CCE /* Products */;
			projectDirPath = "";
			projectRoot = "";
			targets = (
				5D8824CF2AD9786D00872CCE /* FaceCertificatePinning */,
			);
		};
/* End PBXProject section */

/* Begin PBXResourcesBuildPhase section */
		5D8824CE2AD9786D00872CCE /* Resources */ = {
			isa = PBXResourcesBuildPhase;
			buildActionMask = 2147483647;
			files = (
				5D8824E02AD9786F00872CCE /* LaunchScreen.storyboard in Resources */,
				5D8824DD2AD9786F00872CCE /* Assets.xcassets in Resources */,
				5D8824DB2AD9786D00872CCE /* Main.storyboard in Resources */,
			);
			runOnlyForDeploymentPostprocessing = 0;
		};
/* End PBXResourcesBuildPhase section */

/* Begin PBXShellScriptBuildPhase section */
		58D67383B5F413613E2E1974 /* [CP] Check Pods Manifest.lock */ = {
			isa = PBXShellScriptBuildPhase;
			buildActionMask = 2147483647;
			files = (
			);
			inputFileListPaths = (
			);
			inputPaths = (
				"${PODS_PODFILE_DIR_PATH}/Podfile.lock",
				"${PODS_ROOT}/Manifest.lock",
			);
			name = "[CP] Check Pods Manifest.lock";
			outputFileListPaths = (
			);
			outputPaths = (
				"$(DERIVED_FILE_DIR)/Pods-FaceCertificatePinning-checkManifestLockResult.txt",
			);
			runOnlyForDeploymentPostprocessing = 0;
			shellPath = /bin/sh;
			shellScript = "diff \"${PODS_PODFILE_DIR_PATH}/Podfile.lock\" \"${PODS_ROOT}/Manifest.lock\" > /dev/null\nif [ $? != 0 ] ; then\n    # print error to STDERR\n    echo \"error: The sandbox is not in sync with the Podfile.lock. Run 'pod install' or update your CocoaPods installation.\" >&2\n    exit 1\nfi\n# This output is used by Xcode 'outputs' to avoid re-running this script phase.\necho \"SUCCESS\" > \"${SCRIPT_OUTPUT_FILE_0}\"\n";
			showEnvVarsInLog = 0;
		};
		CD066AEA129FE22A29D1A958 /* [CP] Embed Pods Frameworks */ = {
			isa = PBXShellScriptBuildPhase;
			buildActionMask = 2147483647;
			files = (
			);
			inputFileListPaths = (
				"${PODS_ROOT}/Target Support Files/Pods-FaceCertificatePinning/Pods-FaceCertificatePinning-frameworks-${CONFIGURATION}-input-files.xcfilelist",
			);
			name = "[CP] Embed Pods Frameworks";
			outputFileListPaths = (
				"${PODS_ROOT}/Target Support Files/Pods-FaceCertificatePinning/Pods-FaceCertificatePinning-frameworks-${CONFIGURATION}-output-files.xcfilelist",
			);
			runOnlyForDeploymentPostprocessing = 0;
			shellPath = /bin/sh;
			shellScript = "\"${PODS_ROOT}/Target Support Files/Pods-FaceCertificatePinning/Pods-FaceCertificatePinning-frameworks.sh\"\n";
			showEnvVarsInLog = 0;
		};
/* End PBXShellScriptBuildPhase section */

/* Begin PBXSourcesBuildPhase section */
		5D8824CC2AD9786D00872CCE /* Sources */ = {
			isa = PBXSourcesBuildPhase;
			buildActionMask = 2147483647;
			files = (
				5D8824D82AD9786D00872CCE /* ViewController.swift in Sources */,
				5D8824D42AD9786D00872CCE /* AppDelegate.swift in Sources */,
				5D8824D62AD9786D00872CCE /* SceneDelegate.swift in Sources */,
			);
			runOnlyForDeploymentPostprocessing = 0;
		};
/* End PBXSourcesBuildPhase section */

/* Begin PBXVariantGroup section */
		5D8824D92AD9786D00872CCE /* Main.storyboard */ = {
			isa = PBXVariantGroup;
			children = (
				5D8824DA2AD9786D00872CCE /* Base */,
			);
			name = Main.storyboard;
			sourceTree = "<group>";
		};
		5D8824DE2AD9786F00872CCE /* LaunchScreen.storyboard */ = {
			isa = PBXVariantGroup;
			children = (
				5D8824DF2AD9786F00872CCE /* Base */,
			);
			name = LaunchScreen.storyboard;
			sourceTree = "<group>";
		};
/* End PBXVariantGroup section */

/* Begin XCBuildConfiguration section */
		5D8824E22AD9786F00872CCE /* Debug */ = {
			isa = XCBuildConfiguration;
			buildSettings = {
				ALWAYS_SEARCH_USER_PATHS = NO;
				CLANG_ANALYZER_NONNULL = YES;
				CLANG_ANALYZER_NUMBER_OBJECT_CONVERSION = YES_AGGRESSIVE;
				CLANG_CXX_LANGUAGE_STANDARD = "gnu++20";
				CLANG_ENABLE_MODULES = YES;
				CLANG_ENABLE_OBJC_ARC = YES;
				CLANG_ENABLE_OBJC_WEAK = YES;
				CLANG_WARN_BLOCK_CAPTURE_AUTORELEASING = YES;
				CLANG_WARN_BOOL_CONVERSION = YES;
				CLANG_WARN_COMMA = YES;
				CLANG_WARN_CONSTANT_CONVERSION = YES;
				CLANG_WARN_DEPRECATED_OBJC_IMPLEMENTATIONS = YES;
				CLANG_WARN_DIRECT_OBJC_ISA_USAGE = YES_ERROR;
				CLANG_WARN_DOCUMENTATION_COMMENTS = YES;
				CLANG_WARN_EMPTY_BODY = YES;
				CLANG_WARN_ENUM_CONVERSION = YES;
				CLANG_WARN_INFINITE_RECURSION = YES;
				CLANG_WARN_INT_CONVERSION = YES;
				CLANG_WARN_NON_LITERAL_NULL_CONVERSION = YES;
				CLANG_WARN_OBJC_IMPLICIT_RETAIN_SELF = YES;
				CLANG_WARN_OBJC_LITERAL_CONVERSION = YES;
				CLANG_WARN_OBJC_ROOT_CLASS = YES_ERROR;
				CLANG_WARN_QUOTED_INCLUDE_IN_FRAMEWORK_HEADER = YES;
				CLANG_WARN_RANGE_LOOP_ANALYSIS = YES;
				CLANG_WARN_STRICT_PROTOTYPES = YES;
				CLANG_WARN_SUSPICIOUS_MOVE = YES;
				CLANG_WARN_UNGUARDED_AVAILABILITY = YES_AGGRESSIVE;
				CLANG_WARN_UNREACHABLE_CODE = YES;
				CLANG_WARN__DUPLICATE_METHOD_MATCH = YES;
				COPY_PHASE_STRIP = NO;
				DEBUG_INFORMATION_FORMAT = dwarf;
				ENABLE_STRICT_OBJC_MSGSEND = YES;
				ENABLE_TESTABILITY = YES;
				GCC_C_LANGUAGE_STANDARD = gnu11;
				GCC_DYNAMIC_NO_PIC = NO;
				GCC_NO_COMMON_BLOCKS = YES;
				GCC_OPTIMIZATION_LEVEL = 0;
				GCC_PREPROCESSOR_DEFINITIONS = (
					"DEBUG=1",
					"$(inherited)",
				);
				GCC_WARN_64_TO_32_BIT_CONVERSION = YES;
				GCC_WARN_ABOUT_RETURN_TYPE = YES_ERROR;
				GCC_WARN_UNDECLARED_SELECTOR = YES;
				GCC_WARN_UNINITIALIZED_AUTOS = YES_AGGRESSIVE;
				GCC_WARN_UNUSED_FUNCTION = YES;
				GCC_WARN_UNUSED_VARIABLE = YES;
				IPHONEOS_DEPLOYMENT_TARGET = 16.1;
				MTL_ENABLE_DEBUG_INFO = INCLUDE_SOURCE;
				MTL_FAST_MATH = YES;
				ONLY_ACTIVE_ARCH = YES;
				SDKROOT = iphoneos;
				SWIFT_ACTIVE_COMPILATION_CONDITIONS = DEBUG;
				SWIFT_OPTIMIZATION_LEVEL = "-Onone";
			};
			name = Debug;
		};
		5D8824E32AD9786F00872CCE /* Release */ = {
			isa = XCBuildConfiguration;
			buildSettings = {
				ALWAYS_SEARCH_USER_PATHS = NO;
				CLANG_ANALYZER_NONNULL = YES;
				CLANG_ANALYZER_NUMBER_OBJECT_CONVERSION = YES_AGGRESSIVE;
				CLANG_CXX_LANGUAGE_STANDARD = "gnu++20";
				CLANG_ENABLE_MODULES = YES;
				CLANG_ENABLE_OBJC_ARC = YES;
				CLANG_ENABLE_OBJC_WEAK = YES;
				CLANG_WARN_BLOCK_CAPTURE_AUTORELEASING = YES;
				CLANG_WARN_BOOL_CONVERSION = YES;
				CLANG_WARN_COMMA = YES;
				CLANG_WARN_CONSTANT_CONVERSION = YES;
				CLANG_WARN_DEPRECATED_OBJC_IMPLEMENTATIONS = YES;
				CLANG_WARN_DIRECT_OBJC_ISA_USAGE = YES_ERROR;
				CLANG_WARN_DOCUMENTATION_COMMENTS = YES;
				CLANG_WARN_EMPTY_BODY = YES;
				CLANG_WARN_ENUM_CONVERSION = YES;
				CLANG_WARN_INFINITE_RECURSION = YES;
				CLANG_WARN_INT_CONVERSION = YES;
				CLANG_WARN_NON_LITERAL_NULL_CONVERSION = YES;
				CLANG_WARN_OBJC_IMPLICIT_RETAIN_SELF = YES;
				CLANG_WARN_OBJC_LITERAL_CONVERSION = YES;
				CLANG_WARN_OBJC_ROOT_CLASS = YES_ERROR;
				CLANG_WARN_QUOTED_INCLUDE_IN_FRAMEWORK_HEADER = YES;
				CLANG_WARN_RANGE_LOOP_ANALYSIS = YES;
				CLANG_WARN_STRICT_PROTOTYPES = YES;
				CLANG_WARN_SUSPICIOUS_MOVE = YES;
				CLANG_WARN_UNGUARDED_AVAILABILITY = YES_AGGRESSIVE;
				CLANG_WARN_UNREACHABLE_CODE = YES;
				CLANG_WARN__DUPLICATE_METHOD_MATCH = YES;
				COPY_PHASE_STRIP = NO;
				DEBUG_INFORMATION_FORMAT = "dwarf-with-dsym";
				ENABLE_NS_ASSERTIONS = NO;
				ENABLE_STRICT_OBJC_MSGSEND = YES;
				GCC_C_LANGUAGE_STANDARD = gnu11;
				GCC_NO_COMMON_BLOCKS = YES;
				GCC_WARN_64_TO_32_BIT_CONVERSION = YES;
				GCC_WARN_ABOUT_RETURN_TYPE = YES_ERROR;
				GCC_WARN_UNDECLARED_SELECTOR = YES;
				GCC_WARN_UNINITIALIZED_AUTOS = YES_AGGRESSIVE;
				GCC_WARN_UNUSED_FUNCTION = YES;
				GCC_WARN_UNUSED_VARIABLE = YES;
				IPHONEOS_DEPLOYMENT_TARGET = 16.1;
				MTL_ENABLE_DEBUG_INFO = NO;
				MTL_FAST_MATH = YES;
				SDKROOT = iphoneos;
				SWIFT_COMPILATION_MODE = wholemodule;
				SWIFT_OPTIMIZATION_LEVEL = "-O";
				VALIDATE_PRODUCT = YES;
			};
			name = Release;
		};
		5D8824E52AD9786F00872CCE /* Debug */ = {
			isa = XCBuildConfiguration;
			baseConfigurationReference = 37EE2DBFDF6778574FAE7939 /* Pods-FaceCertificatePinning.debug.xcconfig */;
			buildSettings = {
				ASSETCATALOG_COMPILER_APPICON_NAME = AppIcon;
				ASSETCATALOG_COMPILER_GLOBAL_ACCENT_COLOR_NAME = AccentColor;
				CODE_SIGN_STYLE = Automatic;
				CURRENT_PROJECT_VERSION = 1;
				DEVELOPMENT_TEAM = H6WR54S268;
				GENERATE_INFOPLIST_FILE = YES;
				INFOPLIST_FILE = FaceCertificatePinning/Info.plist;
				INFOPLIST_KEY_UIApplicationSupportsIndirectInputEvents = YES;
				INFOPLIST_KEY_UILaunchStoryboardName = LaunchScreen;
				INFOPLIST_KEY_UIMainStoryboardFile = Main;
				INFOPLIST_KEY_UISupportedInterfaceOrientations = UIInterfaceOrientationPortrait;
				IPHONEOS_DEPLOYMENT_TARGET = 14.0;
				LD_RUNPATH_SEARCH_PATHS = (
					"$(inherited)",
					"@executable_path/Frameworks",
				);
				MARKETING_VERSION = 1.0;
				PRODUCT_BUNDLE_IDENTIFIER = com.regula.facesdk.certificatepinning;
				PRODUCT_NAME = "$(TARGET_NAME)";
				SWIFT_EMIT_LOC_STRINGS = YES;
				SWIFT_VERSION = 5.0;
				TARGETED_DEVICE_FAMILY = "1,2";
			};
			name = Debug;
		};
		5D8824E62AD9786F00872CCE /* Release */ = {
			isa = XCBuildConfiguration;
			baseConfigurationReference = E18772D994B423C0DA66A9DF /* Pods-FaceCertificatePinning.release.xcconfig */;
			buildSettings = {
				ASSETCATALOG_COMPILER_APPICON_NAME = AppIcon;
				ASSETCATALOG_COMPILER_GLOBAL_ACCENT_COLOR_NAME = AccentColor;
				CODE_SIGN_STYLE = Automatic;
				CURRENT_PROJECT_VERSION = 1;
				DEVELOPMENT_TEAM = H6WR54S268;
				GENERATE_INFOPLIST_FILE = YES;
				INFOPLIST_FILE = FaceCertificatePinning/Info.plist;
				INFOPLIST_KEY_UIApplicationSupportsIndirectInputEvents = YES;
				INFOPLIST_KEY_UILaunchStoryboardName = LaunchScreen;
				INFOPLIST_KEY_UIMainStoryboardFile = Main;
				INFOPLIST_KEY_UISupportedInterfaceOrientations = UIInterfaceOrientationPortrait;
				IPHONEOS_DEPLOYMENT_TARGET = 14.0;
				LD_RUNPATH_SEARCH_PATHS = (
					"$(inherited)",
					"@executable_path/Frameworks",
				);
				MARKETING_VERSION = 1.0;
				PRODUCT_BUNDLE_IDENTIFIER = com.regula.facesdk.certificatepinning;
				PRODUCT_NAME = "$(TARGET_NAME)";
				SWIFT_EMIT_LOC_STRINGS = YES;
				SWIFT_VERSION = 5.0;
				TARGETED_DEVICE_FAMILY = "1,2";
			};
			name = Release;
		};
/* End XCBuildConfiguration section */

/* Begin XCConfigurationList section */
		5D8824CB2AD9786D00872CCE /* Build configuration list for PBXProject "FaceCertificatePinning" */ = {
			isa = XCConfigurationList;
			buildConfigurations = (
				5D8824E22AD9786F00872CCE /* Debug */,
				5D8824E32AD9786F00872CCE /* Release */,
			);
			defaultConfigurationIsVisible = 0;
			defaultConfigurationName = Release;
		};
		5D8824E42AD9786F00872CCE /* Build configuration list for PBXNativeTarget "FaceCertificatePinning" */ = {
			isa = XCConfigurationList;
			buildConfigurations = (
				5D8824E52AD9786F00872CCE /* Debug */,
				5D8824E62AD9786F00872CCE /* Release */,
			);
			defaultConfigurationIsVisible = 0;
			defaultConfigurationName = Release;
		};
/* End XCConfigurationList section */
	};
	rootObject = 5D8824C82AD9786D00872CCE /* Project object */;
}
