// !$*UTF8*$!
{
	archiveVersion = 1;
	classes = {
	};
	objectVersion = 51;
	objects = {

/* Begin PBXBuildFile section */
		724868D1F0D33EA3533829BC /* Pods_FaceSDKSample.framework in Frameworks */ = {isa = PBXBuildFile; fileRef = 4382A71249668E67D639A7A6 /* Pods_FaceSDKSample.framework */; };
		7AB1E7932573CFEC00F5BA57 /* AppDelegate.swift in Sources */ = {isa = PBXBuildFile; fileRef = 7AB1E7922573CFEC00F5BA57 /* AppDelegate.swift */; };
		7AB1E7952573CFEC00F5BA57 /* SceneDelegate.swift in Sources */ = {isa = PBXBuildFile; fileRef = 7AB1E7942573CFEC00F5BA57 /* SceneDelegate.swift */; };
		7AB1E7972573CFEC00F5BA57 /* ViewController.swift in Sources */ = {isa = PBXBuildFile; fileRef = 7AB1E7962573CFEC00F5BA57 /* ViewController.swift */; };
		7AB1E79A2573CFEC00F5BA57 /* Main.storyboard in Resources */ = {isa = PBXBuildFile; fileRef = 7AB1E7982573CFEC00F5BA57 /* Main.storyboard */; };
		7AB1E79C2573CFED00F5BA57 /* Assets.xcassets in Resources */ = {isa = PBXBuildFile; fileRef = 7AB1E79B2573CFED00F5BA57 /* Assets.xcassets */; };
		7AB1E79F2573CFED00F5BA57 /* LaunchScreen.storyboard in Resources */ = {isa = PBXBuildFile; fileRef = 7AB1E79D2573CFED00F5BA57 /* LaunchScreen.storyboard */; };
/* End PBXBuildFile section */

/* Begin PBXFileReference section */
		3AAC6833A17315321063210A /* Pods-FaceSDKSample.release.xcconfig */ = {isa = PBXFileReference; includeInIndex = 1; lastKnownFileType = text.xcconfig; name = "Pods-FaceSDKSample.release.xcconfig"; path = "Target Support Files/Pods-FaceSDKSample/Pods-FaceSDKSample.release.xcconfig"; sourceTree = "<group>"; };
		4382A71249668E67D639A7A6 /* Pods_FaceSDKSample.framework */ = {isa = PBXFileReference; explicitFileType = wrapper.framework; includeInIndex = 0; path = Pods_FaceSDKSample.framework; sourceTree = BUILT_PRODUCTS_DIR; };
		7AB1E78F2573CFEC00F5BA57 /* FaceSDKSample.app */ = {isa = PBXFileReference; explicitFileType = wrapper.application; includeInIndex = 0; path = FaceSDKSample.app; sourceTree = BUILT_PRODUCTS_DIR; };
		7AB1E7922573CFEC00F5BA57 /* AppDelegate.swift */ = {isa = PBXFileReference; lastKnownFileType = sourcecode.swift; path = AppDelegate.swift; sourceTree = "<group>"; };
		7AB1E7942573CFEC00F5BA57 /* SceneDelegate.swift */ = {isa = PBXFileReference; lastKnownFileType = sourcecode.swift; path = SceneDelegate.swift; sourceTree = "<group>"; };
		7AB1E7962573CFEC00F5BA57 /* ViewController.swift */ = {isa = PBXFileReference; lastKnownFileType = sourcecode.swift; path = ViewController.swift; sourceTree = "<group>"; };
		7AB1E7992573CFEC00F5BA57 /* Base */ = {isa = PBXFileReference; lastKnownFileType = file.storyboard; name = Base; path = Base.lproj/Main.storyboard; sourceTree = "<group>"; };
		7AB1E79B2573CFED00F5BA57 /* Assets.xcassets */ = {isa = PBXFileReference; lastKnownFileType = folder.assetcatalog; path = Assets.xcassets; sourceTree = "<group>"; };
		7AB1E79E2573CFED00F5BA57 /* Base */ = {isa = PBXFileReference; lastKnownFileType = file.storyboard; name = Base; path = Base.lproj/LaunchScreen.storyboard; sourceTree = "<group>"; };
		7AB1E7A02573CFED00F5BA57 /* Info.plist */ = {isa = PBXFileReference; lastKnownFileType = text.plist.xml; path = Info.plist; sourceTree = "<group>"; };
		EDBE712745593DDBD3A560E3 /* Pods-FaceSDKSample.debug.xcconfig */ = {isa = PBXFileReference; includeInIndex = 1; lastKnownFileType = text.xcconfig; name = "Pods-FaceSDKSample.debug.xcconfig"; path = "Target Support Files/Pods-FaceSDKSample/Pods-FaceSDKSample.debug.xcconfig"; sourceTree = "<group>"; };
/* End PBXFileReference section */

/* Begin PBXFrameworksBuildPhase section */
		7AB1E78C2573CFEC00F5BA57 /* Frameworks */ = {
			isa = PBXFrameworksBuildPhase;
			buildActionMask = 2147483647;
			files = (
				724868D1F0D33EA3533829BC /* Pods_FaceSDKSample.framework in Frameworks */,
			);
			runOnlyForDeploymentPostprocessing = 0;
		};
/* End PBXFrameworksBuildPhase section */

/* Begin PBXGroup section */
		54E47AD27FF65A194B5CDF77 /* Pods */ = {
			isa = PBXGroup;
			children = (
				EDBE712745593DDBD3A560E3 /* Pods-FaceSDKSample.debug.xcconfig */,
				3AAC6833A17315321063210A /* Pods-FaceSDKSample.release.xcconfig */,
			);
			path = Pods;
			sourceTree = "<group>";
		};
		7AB1E7862573CFEC00F5BA57 = {
			isa = PBXGroup;
			children = (
				7AB1E7912573CFEC00F5BA57 /* FaceSDKSample */,
				7AB1E7902573CFEC00F5BA57 /* Products */,
				54E47AD27FF65A194B5CDF77 /* Pods */,
				BC144EBB9ADFE42DFCB1A525 /* Frameworks */,
			);
			sourceTree = "<group>";
		};
		7AB1E7902573CFEC00F5BA57 /* Products */ = {
			isa = PBXGroup;
			children = (
				7AB1E78F2573CFEC00F5BA57 /* FaceSDKSample.app */,
			);
			name = Products;
			sourceTree = "<group>";
		};
		7AB1E7912573CFEC00F5BA57 /* FaceSDKSample */ = {
			isa = PBXGroup;
			children = (
				7AB1E7922573CFEC00F5BA57 /* AppDelegate.swift */,
				7AB1E7942573CFEC00F5BA57 /* SceneDelegate.swift */,
				7AB1E7962573CFEC00F5BA57 /* ViewController.swift */,
				7AB1E7982573CFEC00F5BA57 /* Main.storyboard */,
				7AB1E79B2573CFED00F5BA57 /* Assets.xcassets */,
				7AB1E79D2573CFED00F5BA57 /* LaunchScreen.storyboard */,
				7AB1E7A02573CFED00F5BA57 /* Info.plist */,
			);
			path = FaceSDKSample;
			sourceTree = "<group>";
		};
		BC144EBB9ADFE42DFCB1A525 /* Frameworks */ = {
			isa = PBXGroup;
			children = (
				4382A71249668E67D639A7A6 /* Pods_FaceSDKSample.framework */,
			);
			name = Frameworks;
			sourceTree = "<group>";
		};
/* End PBXGroup section */

/* Begin PBXNativeTarget section */
		7AB1E78E2573CFEC00F5BA57 /* FaceSDKSample */ = {
			isa = PBXNativeTarget;
			buildConfigurationList = 7AB1E7A32573CFED00F5BA57 /* Build configuration list for PBXNativeTarget "FaceSDKSample" */;
			buildPhases = (
				B808DF01D46AC1C12259811F /* [CP] Check Pods Manifest.lock */,
				7AB1E78B2573CFEC00F5BA57 /* Sources */,
				7AB1E78C2573CFEC00F5BA57 /* Frameworks */,
				7AB1E78D2573CFEC00F5BA57 /* Resources */,
				BC8D507C7DD312368C670F92 /* [CP] Embed Pods Frameworks */,
			);
			buildRules = (
			);
			dependencies = (
			);
			name = FaceSDKSample;
			productName = FaceSDKSample;
			productReference = 7AB1E78F2573CFEC00F5BA57 /* FaceSDKSample.app */;
			productType = "com.apple.product-type.application";
		};
/* End PBXNativeTarget section */

/* Begin PBXProject section */
		7AB1E7872573CFEC00F5BA57 /* Project object */ = {
			isa = PBXProject;
			attributes = {
				LastSwiftUpdateCheck = 1220;
				LastUpgradeCheck = 1220;
				TargetAttributes = {
					7AB1E78E2573CFEC00F5BA57 = {
						CreatedOnToolsVersion = 12.2;
					};
				};
			};
			buildConfigurationList = 7AB1E78A2573CFEC00F5BA57 /* Build configuration list for PBXProject "FaceSDKSample" */;
			compatibilityVersion = "Xcode 9.3";
			developmentRegion = en;
			hasScannedForEncodings = 0;
			knownRegions = (
				en,
				Base,
			);
			mainGroup = 7AB1E7862573CFEC00F5BA57;
			productRefGroup = 7AB1E7902573CFEC00F5BA57 /* Products */;
			projectDirPath = "";
			projectRoot = "";
			targets = (
				7AB1E78E2573CFEC00F5BA57 /* FaceSDKSample */,
			);
		};
/* End PBXProject section */

/* Begin PBXResourcesBuildPhase section */
		7AB1E78D2573CFEC00F5BA57 /* Resources */ = {
			isa = PBXResourcesBuildPhase;
			buildActionMask = 2147483647;
			files = (
				7AB1E79F2573CFED00F5BA57 /* LaunchScreen.storyboard in Resources */,
				7AB1E79C2573CFED00F5BA57 /* Assets.xcassets in Resources */,
				7AB1E79A2573CFEC00F5BA57 /* Main.storyboard in Resources */,
			);
			runOnlyForDeploymentPostprocessing = 0;
		};
/* End PBXResourcesBuildPhase section */

/* Begin PBXShellScriptBuildPhase section */
		B808DF01D46AC1C12259811F /* [CP] Check Pods Manifest.lock */ = {
			isa = PBXShellScriptBuildPhase;
			buildActionMask = 2147483647;
			files = (
			);
			inputFileListPaths = (
			);
			inputPaths = (
				"${PODS_PODFILE_DIR_PATH}/Podfile.lock",
				"${PODS_ROOT}/Manifest.lock",
			);
			name = "[CP] Check Pods Manifest.lock";
			outputFileListPaths = (
			);
			outputPaths = (
				"$(DERIVED_FILE_DIR)/Pods-FaceSDKSample-checkManifestLockResult.txt",
			);
			runOnlyForDeploymentPostprocessing = 0;
			shellPath = /bin/sh;
			shellScript = "diff \"${PODS_PODFILE_DIR_PATH}/Podfile.lock\" \"${PODS_ROOT}/Manifest.lock\" > /dev/null\nif [ $? != 0 ] ; then\n    # print error to STDERR\n    echo \"error: The sandbox is not in sync with the Podfile.lock. Run 'pod install' or update your CocoaPods installation.\" >&2\n    exit 1\nfi\n# This output is used by Xcode 'outputs' to avoid re-running this script phase.\necho \"SUCCESS\" > \"${SCRIPT_OUTPUT_FILE_0}\"\n";
			showEnvVarsInLog = 0;
		};
		BC8D507C7DD312368C670F92 /* [CP] Embed Pods Frameworks */ = {
			isa = PBXShellScriptBuildPhase;
			buildActionMask = 2147483647;
			files = (
			);
			inputFileListPaths = (
				"${PODS_ROOT}/Target Support Files/Pods-FaceSDKSample/Pods-FaceSDKSample-frameworks-${CONFIGURATION}-input-files.xcfilelist",
			);
			name = "[CP] Embed Pods Frameworks";
			outputFileListPaths = (
				"${PODS_ROOT}/Target Support Files/Pods-FaceSDKSample/Pods-FaceSDKSample-frameworks-${CONFIGURATION}-output-files.xcfilelist",
			);
			runOnlyForDeploymentPostprocessing = 0;
			shellPath = /bin/sh;
			shellScript = "\"${PODS_ROOT}/Target Support Files/Pods-FaceSDKSample/Pods-FaceSDKSample-frameworks.sh\"\n";
			showEnvVarsInLog = 0;
		};
/* End PBXShellScriptBuildPhase section */

/* Begin PBXSourcesBuildPhase section */
		7AB1E78B2573CFEC00F5BA57 /* Sources */ = {
			isa = PBXSourcesBuildPhase;
			buildActionMask = 2147483647;
			files = (
				7AB1E7972573CFEC00F5BA57 /* ViewController.swift in Sources */,
				7AB1E7932573CFEC00F5BA57 /* AppDelegate.swift in Sources */,
				7AB1E7952573CFEC00F5BA57 /* SceneDelegate.swift in Sources */,
			);
			runOnlyForDeploymentPostprocessing = 0;
		};
/* End PBXSourcesBuildPhase section */

/* Begin PBXVariantGroup section */
		7AB1E7982573CFEC00F5BA57 /* Main.storyboard */ = {
			isa = PBXVariantGroup;
			children = (
				7AB1E7992573CFEC00F5BA57 /* Base */,
			);
			name = Main.storyboard;
			sourceTree = "<group>";
		};
		7AB1E79D2573CFED00F5BA57 /* LaunchScreen.storyboard */ = {
			isa = PBXVariantGroup;
			children = (
				7AB1E79E2573CFED00F5BA57 /* Base */,
			);
			name = LaunchScreen.storyboard;
			sourceTree = "<group>";
		};
/* End PBXVariantGroup section */

/* Begin XCBuildConfiguration section */
		7AB1E7A12573CFED00F5BA57 /* Debug */ = {
			isa = XCBuildConfiguration;
			buildSettings = {
				ALWAYS_SEARCH_USER_PATHS = NO;
				CLANG_ANALYZER_NONNULL = YES;
				CLANG_ANALYZER_NUMBER_OBJECT_CONVERSION = YES_AGGRESSIVE;
				CLANG_CXX_LANGUAGE_STANDARD = "gnu++14";
				CLANG_CXX_LIBRARY = "libc++";
				CLANG_ENABLE_MODULES = YES;
				CLANG_ENABLE_OBJC_ARC = YES;
				CLANG_ENABLE_OBJC_WEAK = YES;
				CLANG_WARN_BLOCK_CAPTURE_AUTORELEASING = YES;
				CLANG_WARN_BOOL_CONVERSION = YES;
				CLANG_WARN_COMMA = YES;
				CLANG_WARN_CONSTANT_CONVERSION = YES;
				CLANG_WARN_DEPRECATED_OBJC_IMPLEMENTATIONS = YES;
				CLANG_WARN_DIRECT_OBJC_ISA_USAGE = YES_ERROR;
				CLANG_WARN_DOCUMENTATION_COMMENTS = YES;
				CLANG_WARN_EMPTY_BODY = YES;
				CLANG_WARN_ENUM_CONVERSION = YES;
				CLANG_WARN_INFINITE_RECURSION = YES;
				CLANG_WARN_INT_CONVERSION = YES;
				CLANG_WARN_NON_LITERAL_NULL_CONVERSION = YES;
				CLANG_WARN_OBJC_IMPLICIT_RETAIN_SELF = YES;
				CLANG_WARN_OBJC_LITERAL_CONVERSION = YES;
				CLANG_WARN_OBJC_ROOT_CLASS = YES_ERROR;
				CLANG_WARN_QUOTED_INCLUDE_IN_FRAMEWORK_HEADER = YES;
				CLANG_WARN_RANGE_LOOP_ANALYSIS = YES;
				CLANG_WARN_STRICT_PROTOTYPES = YES;
				CLANG_WARN_SUSPICIOUS_MOVE = YES;
				CLANG_WARN_UNGUARDED_AVAILABILITY = YES_AGGRESSIVE;
				CLANG_WARN_UNREACHABLE_CODE = YES;
				CLANG_WARN__DUPLICATE_METHOD_MATCH = YES;
				COPY_PHASE_STRIP = NO;
				DEBUG_INFORMATION_FORMAT = dwarf;
				ENABLE_STRICT_OBJC_MSGSEND = YES;
				ENABLE_TESTABILITY = YES;
				GCC_C_LANGUAGE_STANDARD = gnu11;
				GCC_DYNAMIC_NO_PIC = NO;
				GCC_NO_COMMON_BLOCKS = YES;
				GCC_OPTIMIZATION_LEVEL = 0;
				GCC_PREPROCESSOR_DEFINITIONS = (
					"DEBUG=1",
					"$(inherited)",
				);
				GCC_WARN_64_TO_32_BIT_CONVERSION = YES;
				GCC_WARN_ABOUT_RETURN_TYPE = YES_ERROR;
				GCC_WARN_UNDECLARED_SELECTOR = YES;
				GCC_WARN_UNINITIALIZED_AUTOS = YES_AGGRESSIVE;
				GCC_WARN_UNUSED_FUNCTION = YES;
				GCC_WARN_UNUSED_VARIABLE = YES;
				IPHONEOS_DEPLOYMENT_TARGET = 13.0;
				MTL_ENABLE_DEBUG_INFO = INCLUDE_SOURCE;
				MTL_FAST_MATH = YES;
				ONLY_ACTIVE_ARCH = YES;
				SDKROOT = iphoneos;
				SWIFT_ACTIVE_COMPILATION_CONDITIONS = DEBUG;
				SWIFT_OPTIMIZATION_LEVEL = "-Onone";
			};
			name = Debug;
		};
		7AB1E7A22573CFED00F5BA57 /* Release */ = {
			isa = XCBuildConfiguration;
			buildSettings = {
				ALWAYS_SEARCH_USER_PATHS = NO;
				CLANG_ANALYZER_NONNULL = YES;
				CLANG_ANALYZER_NUMBER_OBJECT_CONVERSION = YES_AGGRESSIVE;
				CLANG_CXX_LANGUAGE_STANDARD = "gnu++14";
				CLANG_CXX_LIBRARY = "libc++";
				CLANG_ENABLE_MODULES = YES;
				CLANG_ENABLE_OBJC_ARC = YES;
				CLANG_ENABLE_OBJC_WEAK = YES;
				CLANG_WARN_BLOCK_CAPTURE_AUTORELEASING = YES;
				CLANG_WARN_BOOL_CONVERSION = YES;
				CLANG_WARN_COMMA = YES;
				CLANG_WARN_CONSTANT_CONVERSION = YES;
				CLANG_WARN_DEPRECATED_OBJC_IMPLEMENTATIONS = YES;
				CLANG_WARN_DIRECT_OBJC_ISA_USAGE = YES_ERROR;
				CLANG_WARN_DOCUMENTATION_COMMENTS = YES;
				CLANG_WARN_EMPTY_BODY = YES;
				CLANG_WARN_ENUM_CONVERSION = YES;
				CLANG_WARN_INFINITE_RECURSION = YES;
				CLANG_WARN_INT_CONVERSION = YES;
				CLANG_WARN_NON_LITERAL_NULL_CONVERSION = YES;
				CLANG_WARN_OBJC_IMPLICIT_RETAIN_SELF = YES;
				CLANG_WARN_OBJC_LITERAL_CONVERSION = YES;
				CLANG_WARN_OBJC_ROOT_CLASS = YES_ERROR;
				CLANG_WARN_QUOTED_INCLUDE_IN_FRAMEWORK_HEADER = YES;
				CLANG_WARN_RANGE_LOOP_ANALYSIS = YES;
				CLANG_WARN_STRICT_PROTOTYPES = YES;
				CLANG_WARN_SUSPICIOUS_MOVE = YES;
				CLANG_WARN_UNGUARDED_AVAILABILITY = YES_AGGRESSIVE;
				CLANG_WARN_UNREACHABLE_CODE = YES;
				CLANG_WARN__DUPLICATE_METHOD_MATCH = YES;
				COPY_PHASE_STRIP = NO;
				DEBUG_INFORMATION_FORMAT = "dwarf-with-dsym";
				ENABLE_NS_ASSERTIONS = NO;
				ENABLE_STRICT_OBJC_MSGSEND = YES;
				GCC_C_LANGUAGE_STANDARD = gnu11;
				GCC_NO_COMMON_BLOCKS = YES;
				GCC_WARN_64_TO_32_BIT_CONVERSION = YES;
				GCC_WARN_ABOUT_RETURN_TYPE = YES_ERROR;
				GCC_WARN_UNDECLARED_SELECTOR = YES;
				GCC_WARN_UNINITIALIZED_AUTOS = YES_AGGRESSIVE;
				GCC_WARN_UNUSED_FUNCTION = YES;
				GCC_WARN_UNUSED_VARIABLE = YES;
				IPHONEOS_DEPLOYMENT_TARGET = 13.0;
				MTL_ENABLE_DEBUG_INFO = NO;
				MTL_FAST_MATH = YES;
				SDKROOT = iphoneos;
				SWIFT_COMPILATION_MODE = wholemodule;
				SWIFT_OPTIMIZATION_LEVEL = "-O";
				VALIDATE_PRODUCT = YES;
			};
			name = Release;
		};
		7AB1E7A42573CFED00F5BA57 /* Debug */ = {
			isa = XCBuildConfiguration;
			baseConfigurationReference = EDBE712745593DDBD3A560E3 /* Pods-FaceSDKSample.debug.xcconfig */;
			buildSettings = {
				ASSETCATALOG_COMPILER_APPICON_NAME = AppIcon;
				ASSETCATALOG_COMPILER_GLOBAL_ACCENT_COLOR_NAME = AccentColor;
				CODE_SIGN_STYLE = Automatic;
				DEVELOPMENT_TEAM = "";
				INFOPLIST_FILE = FaceSDKSample/Info.plist;
				IPHONEOS_DEPLOYMENT_TARGET = 13.0;
				LD_RUNPATH_SEARCH_PATHS = (
					"$(inherited)",
					"@executable_path/Frameworks",
				);
				PRODUCT_BUNDLE_IDENTIFIER = regula.FaceSDKSample;
				PRODUCT_NAME = "$(TARGET_NAME)";
				SWIFT_VERSION = 5.0;
				TARGETED_DEVICE_FAMILY = "1,2";
			};
			name = Debug;
		};
		7AB1E7A52573CFED00F5BA57 /* Release */ = {
			isa = XCBuildConfiguration;
			baseConfigurationReference = 3AAC6833A17315321063210A /* Pods-FaceSDKSample.release.xcconfig */;
			buildSettings = {
				ASSETCATALOG_COMPILER_APPICON_NAME = AppIcon;
				ASSETCATALOG_COMPILER_GLOBAL_ACCENT_COLOR_NAME = AccentColor;
				CODE_SIGN_STYLE = Automatic;
				DEVELOPMENT_TEAM = "";
				INFOPLIST_FILE = FaceSDKSample/Info.plist;
				IPHONEOS_DEPLOYMENT_TARGET = 13.0;
				LD_RUNPATH_SEARCH_PATHS = (
					"$(inherited)",
					"@executable_path/Frameworks",
				);
				PRODUCT_BUNDLE_IDENTIFIER = regula.FaceSDKSample;
				PRODUCT_NAME = "$(TARGET_NAME)";
				SWIFT_VERSION = 5.0;
				TARGETED_DEVICE_FAMILY = "1,2";
			};
			name = Release;
		};
/* End XCBuildConfiguration section */

/* Begin XCConfigurationList section */
		7AB1E78A2573CFEC00F5BA57 /* Build configuration list for PBXProject "FaceSDKSample" */ = {
			isa = XCConfigurationList;
			buildConfigurations = (
				7AB1E7A12573CFED00F5BA57 /* Debug */,
				7AB1E7A22573CFED00F5BA57 /* Release */,
			);
			defaultConfigurationIsVisible = 0;
			defaultConfigurationName = Release;
		};
		7AB1E7A32573CFED00F5BA57 /* Build configuration list for PBXNativeTarget "FaceSDKSample" */ = {
			isa = XCConfigurationList;
			buildConfigurations = (
				7AB1E7A42573CFED00F5BA57 /* Debug */,
				7AB1E7A52573CFED00F5BA57 /* Release */,
			);
			defaultConfigurationIsVisible = 0;
			defaultConfigurationName = Release;
		};
/* End XCConfigurationList section */
	};
	rootObject = 7AB1E7872573CFEC00F5BA57 /* Project object */;
}
